{
  "name": "next-intl-router-example",
  "lockfileVersion": 2,
  "requires": true,
  "packages": {
    "": {
      "name": "next-intl-router-example",
      "license": "MIT",
      "dependencies": {
        "cross-env": "^7.0.3",
        "messageformat-properties-loader": "^0.4.0",
        "messageformat-runtime": "^3.0.0-beta.1",
        "next-intl-router": "file:..",
        "resolve-accept-language": "^1.0.11"
      }
    },
    "..": {
      "name": "next-intl-router",
      "version": "0.0.1",
      "license": "MIT",
      "dependencies": {
        "dot-properties": "^1.0.1"
      },
      "devDependencies": {
        "@types/node": "^14.14.31",
        "@types/react": "^17.0.2",
        "@types/react-dom": "^17.0.1",
        "@typescript-eslint/eslint-plugin": "^4.15.2",
        "@typescript-eslint/parser": "^4.15.2",
        "eslint": "^7.20.0",
        "eslint-config-prettier": "^8.1.0",
        "eslint-plugin-prettier": "^3.3.1",
        "eslint-plugin-react-hooks": "^4.2.0",
        "husky": "^5.1.1",
        "lint-staged": "^10.5.4",
        "next": "^10.0.8",
        "npm-watch": "^0.7.0",
        "prettier": "^2.2.1",
        "react": "^17.0.1",
        "react-dom": "^17.0.1",
        "typescript": "^4.2.2"
      },
      "engines": {
        "node": ">=13"
      },
      "peerDependencies": {
        "next": "10",
        "react": "^17"
      }
    },
    "node_modules/big.js": {
      "version": "5.2.2",
      "resolved": "https://registry.npmjs.org/big.js/-/big.js-5.2.2.tgz",
      "integrity": "sha512-vyL2OymJxmarO8gxMr0mhChsO9QGwhynfuu4+MHTAW6czfq9humCB7rKpUjDd9YUiDPU4mzpyupFSvOClAwbmQ==",
      "engines": {
        "node": "*"
      }
    },
    "node_modules/cross-env": {
      "version": "7.0.3",
      "license": "MIT",
      "dependencies": {
        "cross-spawn": "^7.0.1"
      },
      "bin": {
        "cross-env": "src/bin/cross-env.js",
        "cross-env-shell": "src/bin/cross-env-shell.js"
      },
      "engines": {
        "node": ">=10.14",
        "npm": ">=6",
        "yarn": ">=1"
      }
    },
    "node_modules/cross-spawn": {
      "version": "7.0.3",
      "license": "MIT",
      "dependencies": {
        "path-key": "^3.1.0",
        "shebang-command": "^2.0.0",
        "which": "^2.0.1"
      },
      "engines": {
        "node": ">= 8"
      }
    },
    "node_modules/dot-properties": {
      "version": "0.4.0",
      "resolved": "https://registry.npmjs.org/dot-properties/-/dot-properties-0.4.0.tgz",
      "integrity": "sha512-UcCM52KsESbyyWKK0dj0sotaz5ZlzXFufLhfwDRVH4MXppPPWKRvAZs4JlepOG3MK5JOO2rOMvRi2cdnZncomA==",
      "license": "MIT"
    },
    "node_modules/emojis-list": {
      "version": "3.0.0",
      "resolved": "https://registry.npmjs.org/emojis-list/-/emojis-list-3.0.0.tgz",
      "integrity": "sha512-/kyM18EfinwXZbno9FyUGeFh87KC8HRQBQGildHZbEuRyWFOmv1U10o9BBp8XVZDVNNuQKyIGIu5ZYAAXJ0V2Q==",
      "engines": {
        "node": ">= 4"
      }
    },
    "node_modules/isexe": {
      "version": "2.0.0",
      "license": "ISC"
    },
    "node_modules/json5": {
      "version": "2.2.0",
      "resolved": "https://registry.npmjs.org/json5/-/json5-2.2.0.tgz",
      "integrity": "sha512-f+8cldu7X/y7RAJurMEJmdoKXGB/X550w2Nr3tTbezL6RwEE/iMcm+tZnXeoZtKuOq6ft8+CqzEkrIgx1fPoQA==",
      "dependencies": {
        "minimist": "^1.2.5"
      },
      "bin": {
        "json5": "lib/cli.js"
      },
      "engines": {
        "node": ">=6"
      }
    },
    "node_modules/loader-utils": {
      "version": "2.0.0",
      "resolved": "https://registry.npmjs.org/loader-utils/-/loader-utils-2.0.0.tgz",
      "integrity": "sha512-rP4F0h2RaWSvPEkD7BLDFQnvSf+nK+wr3ESUjNTyAGobqrijmW92zc+SO6d4p4B1wh7+B/Jg1mkQe5NYUEHtHQ==",
      "dependencies": {
        "big.js": "^5.2.2",
        "emojis-list": "^3.0.0",
        "json5": "^2.1.2"
      },
      "engines": {
        "node": ">=8.9.0"
      }
    },
    "node_modules/make-plural": {
      "version": "6.2.2",
      "resolved": "https://registry.npmjs.org/make-plural/-/make-plural-6.2.2.tgz",
      "integrity": "sha512-8iTuFioatnTTmb/YJjywkVIHLjcwkFD9Ms0JpxjEm9Mo8eQYkh1z+55dwv4yc1jQ8ftVBxWQbihvZL1DfzGGWA=="
    },
    "node_modules/messageformat": {
      "version": "3.0.0-beta.2",
      "resolved": "https://registry.npmjs.org/messageformat/-/messageformat-3.0.0-beta.2.tgz",
      "integrity": "sha512-HTbV0VoG674XWHZgyjdqrJ4nXbSkFj6wHqE0Hhxfk2N0Hp7VXpB2tFm5U6iczYxGcomejNRlIqkzc9MSfUXZAg==",
      "peer": true,
      "dependencies": {
        "make-plural": "^6.2.1",
        "messageformat-date-skeleton": "^0.1.1",
        "messageformat-number-skeleton": "^0.2.1",
        "messageformat-parser": "^4.1.3",
        "messageformat-runtime": "^3.0.0-beta.1",
        "safe-identifier": "^0.4.1"
      }
    },
    "node_modules/messageformat-date-skeleton": {
      "version": "0.1.1",
      "resolved": "https://registry.npmjs.org/messageformat-date-skeleton/-/messageformat-date-skeleton-0.1.1.tgz",
      "integrity": "sha512-YKH66KxGKZPRaZJYtfAHD1/oEMlfjPBcQEjVtOxjIKZ1VQ5SgeHrb5KVwgwEkNIpAaP6uvi6twbq1LpIlKvpvw==",
      "peer": true
    },
    "node_modules/messageformat-number-skeleton": {
      "version": "0.2.1",
      "resolved": "https://registry.npmjs.org/messageformat-number-skeleton/-/messageformat-number-skeleton-0.2.1.tgz",
      "integrity": "sha512-nmoYzzXw+90puIsrvSbZent9DIY0KeJ4S/3ikVdXQg6aNCvuQGYqUuc8OekOscBY9kVkci8XshkX3xrEEsyy/A==",
      "peer": true
    },
    "node_modules/messageformat-parser": {
      "version": "4.1.3",
      "resolved": "https://registry.npmjs.org/messageformat-parser/-/messageformat-parser-4.1.3.tgz",
      "integrity": "sha512-2fU3XDCanRqeOCkn7R5zW5VQHWf+T3hH65SzuqRvjatBK7r4uyFa5mEX+k6F9Bd04LVM5G4/BHBTUJsOdW7uyg==",
      "peer": true
    },
    "node_modules/messageformat-properties-loader": {
      "version": "0.4.0",
      "resolved": "https://registry.npmjs.org/messageformat-properties-loader/-/messageformat-properties-loader-0.4.0.tgz",
      "integrity": "sha512-hz3eU4ejafe2HQwYWbHyqPC1c/7tPpl44D/NP0i1ck5mS8tvE41ed0atK84CFhuhpwrOyk5J3PCCIqlN++RP9g==",
      "license": "MIT",
      "dependencies": {
        "dot-properties": "^0.4.0",
        "loader-utils": "^2.0.0",
        "uv": "^1.1.0"
      },
      "engines": {
        "node": ">=6.0"
      },
      "peerDependencies": {
        "messageformat": "^3.0.0-beta"
      }
    },
    "node_modules/messageformat-runtime": {
      "version": "3.0.0-beta.1",
      "resolved": "https://registry.npmjs.org/messageformat-runtime/-/messageformat-runtime-3.0.0-beta.1.tgz",
      "integrity": "sha512-Zr2gv2KogduIp0X5tLrkqHTC9hNwMH71y1d7ZMC9SyEsWEtGe1siFv/5aGxun+unKWXPvpeZWWNUktd5yLFCaw==",
      "dependencies": {
        "make-plural": "^6.2.1"
      }
    },
    "node_modules/minimist": {
      "version": "1.2.5",
      "resolved": "https://registry.npmjs.org/minimist/-/minimist-1.2.5.tgz",
      "integrity": "sha512-FM9nNUYrRBAELZQT3xeZQ7fmMOBg6nWNmJKTcgsJeaLstP/UODVpGsr5OhXhhXg6f+qtJ8uiZ+PUxkDWcgIXLw=="
    },
    "node_modules/next-intl-router": {
      "resolved": "..",
      "link": true
    },
    "node_modules/path-key": {
      "version": "3.1.1",
      "license": "MIT",
      "engines": {
        "node": ">=8"
      }
    },
    "node_modules/resolve-accept-language": {
      "version": "1.0.11",
      "resolved": "https://registry.npmjs.org/resolve-accept-language/-/resolve-accept-language-1.0.11.tgz",
      "integrity": "sha512-1Cjr2m5MzYKx5EKMJYXbKn38Sv7K+ZSpSum2YvGiqu0Y7TyeCxkIXRcgDLnWApXmt7WMoSmWMTT3H0GJ0IeabQ=="
    },
    "node_modules/safe-identifier": {
      "version": "0.4.2",
      "resolved": "https://registry.npmjs.org/safe-identifier/-/safe-identifier-0.4.2.tgz",
      "integrity": "sha512-6pNbSMW6OhAi9j+N8V+U715yBQsaWJ7eyEUaOrawX+isg5ZxhUlV1NipNtgaKHmFGiABwt+ZF04Ii+3Xjkg+8w==",
      "peer": true
    },
    "node_modules/shebang-command": {
      "version": "2.0.0",
      "license": "MIT",
      "dependencies": {
        "shebang-regex": "^3.0.0"
      },
      "engines": {
        "node": ">=8"
      }
    },
    "node_modules/shebang-regex": {
      "version": "3.0.0",
      "license": "MIT",
      "engines": {
        "node": ">=8"
      }
    },
    "node_modules/uv": {
      "version": "1.3.1",
      "resolved": "https://registry.npmjs.org/uv/-/uv-1.3.1.tgz",
      "integrity": "sha512-y36A3ZlG3iafvJsrKuTL/hHOWAVDsAoxTDbWiCAALqp9+HIPf6gbK1NAc09maTSOUdE3Boi5H7We+7NW/2bLxg==",
      "engines": {
        "node": ">=6.0"
      }
    },
    "node_modules/which": {
      "version": "2.0.2",
      "license": "ISC",
      "dependencies": {
        "isexe": "^2.0.0"
      },
      "bin": {
        "node-which": "bin/node-which"
      },
      "engines": {
        "node": ">= 8"
      }
    }
  },
  "dependencies": {
    "big.js": {
      "version": "5.2.2",
      "resolved": "https://registry.npmjs.org/big.js/-/big.js-5.2.2.tgz",
      "integrity": "sha512-vyL2OymJxmarO8gxMr0mhChsO9QGwhynfuu4+MHTAW6czfq9humCB7rKpUjDd9YUiDPU4mzpyupFSvOClAwbmQ=="
    },
    "cross-env": {
      "version": "7.0.3",
      "requires": {
        "cross-spawn": "^7.0.1"
      }
    },
    "cross-spawn": {
      "version": "7.0.3",
      "requires": {
        "path-key": "^3.1.0",
        "shebang-command": "^2.0.0",
        "which": "^2.0.1"
      }
    },
    "dot-properties": {
      "version": "0.4.0",
      "resolved": "https://registry.npmjs.org/dot-properties/-/dot-properties-0.4.0.tgz",
      "integrity": "sha512-UcCM52KsESbyyWKK0dj0sotaz5ZlzXFufLhfwDRVH4MXppPPWKRvAZs4JlepOG3MK5JOO2rOMvRi2cdnZncomA=="
    },
    "emojis-list": {
      "version": "3.0.0",
      "resolved": "https://registry.npmjs.org/emojis-list/-/emojis-list-3.0.0.tgz",
      "integrity": "sha512-/kyM18EfinwXZbno9FyUGeFh87KC8HRQBQGildHZbEuRyWFOmv1U10o9BBp8XVZDVNNuQKyIGIu5ZYAAXJ0V2Q=="
    },
    "isexe": {
      "version": "2.0.0"
    },
    "json5": {
      "version": "2.2.0",
      "resolved": "https://registry.npmjs.org/json5/-/json5-2.2.0.tgz",
      "integrity": "sha512-f+8cldu7X/y7RAJurMEJmdoKXGB/X550w2Nr3tTbezL6RwEE/iMcm+tZnXeoZtKuOq6ft8+CqzEkrIgx1fPoQA==",
      "requires": {
        "minimist": "^1.2.5"
      }
    },
    "loader-utils": {
      "version": "2.0.0",
      "resolved": "https://registry.npmjs.org/loader-utils/-/loader-utils-2.0.0.tgz",
      "integrity": "sha512-rP4F0h2RaWSvPEkD7BLDFQnvSf+nK+wr3ESUjNTyAGobqrijmW92zc+SO6d4p4B1wh7+B/Jg1mkQe5NYUEHtHQ==",
      "requires": {
        "big.js": "^5.2.2",
        "emojis-list": "^3.0.0",
        "json5": "^2.1.2"
      }
    },
    "make-plural": {
      "version": "6.2.2",
      "resolved": "https://registry.npmjs.org/make-plural/-/make-plural-6.2.2.tgz",
      "integrity": "sha512-8iTuFioatnTTmb/YJjywkVIHLjcwkFD9Ms0JpxjEm9Mo8eQYkh1z+55dwv4yc1jQ8ftVBxWQbihvZL1DfzGGWA=="
    },
    "messageformat": {
      "version": "3.0.0-beta.2",
      "resolved": "https://registry.npmjs.org/messageformat/-/messageformat-3.0.0-beta.2.tgz",
      "integrity": "sha512-HTbV0VoG674XWHZgyjdqrJ4nXbSkFj6wHqE0Hhxfk2N0Hp7VXpB2tFm5U6iczYxGcomejNRlIqkzc9MSfUXZAg==",
      "peer": true,
      "requires": {
        "make-plural": "^6.2.1",
        "messageformat-date-skeleton": "^0.1.1",
        "messageformat-number-skeleton": "^0.2.1",
        "messageformat-parser": "^4.1.3",
        "messageformat-runtime": "^3.0.0-beta.1",
        "safe-identifier": "^0.4.1"
      }
    },
    "messageformat-date-skeleton": {
      "version": "0.1.1",
      "resolved": "https://registry.npmjs.org/messageformat-date-skeleton/-/messageformat-date-skeleton-0.1.1.tgz",
      "integrity": "sha512-YKH66KxGKZPRaZJYtfAHD1/oEMlfjPBcQEjVtOxjIKZ1VQ5SgeHrb5KVwgwEkNIpAaP6uvi6twbq1LpIlKvpvw==",
      "peer": true
    },
    "messageformat-number-skeleton": {
      "version": "0.2.1",
      "resolved": "https://registry.npmjs.org/messageformat-number-skeleton/-/messageformat-number-skeleton-0.2.1.tgz",
      "integrity": "sha512-nmoYzzXw+90puIsrvSbZent9DIY0KeJ4S/3ikVdXQg6aNCvuQGYqUuc8OekOscBY9kVkci8XshkX3xrEEsyy/A==",
      "peer": true
    },
    "messageformat-parser": {
      "version": "4.1.3",
      "resolved": "https://registry.npmjs.org/messageformat-parser/-/messageformat-parser-4.1.3.tgz",
      "integrity": "sha512-2fU3XDCanRqeOCkn7R5zW5VQHWf+T3hH65SzuqRvjatBK7r4uyFa5mEX+k6F9Bd04LVM5G4/BHBTUJsOdW7uyg==",
      "peer": true
    },
    "messageformat-properties-loader": {
      "version": "0.4.0",
      "resolved": "https://registry.npmjs.org/messageformat-properties-loader/-/messageformat-properties-loader-0.4.0.tgz",
      "integrity": "sha512-hz3eU4ejafe2HQwYWbHyqPC1c/7tPpl44D/NP0i1ck5mS8tvE41ed0atK84CFhuhpwrOyk5J3PCCIqlN++RP9g==",
      "requires": {
        "dot-properties": "^0.4.0",
        "loader-utils": "^2.0.0",
        "uv": "^1.1.0"
      }
    },
    "messageformat-runtime": {
      "version": "3.0.0-beta.1",
      "resolved": "https://registry.npmjs.org/messageformat-runtime/-/messageformat-runtime-3.0.0-beta.1.tgz",
      "integrity": "sha512-Zr2gv2KogduIp0X5tLrkqHTC9hNwMH71y1d7ZMC9SyEsWEtGe1siFv/5aGxun+unKWXPvpeZWWNUktd5yLFCaw==",
      "requires": {
        "make-plural": "^6.2.1"
      }
    },
    "minimist": {
      "version": "1.2.5",
      "resolved": "https://registry.npmjs.org/minimist/-/minimist-1.2.5.tgz",
      "integrity": "sha512-FM9nNUYrRBAELZQT3xeZQ7fmMOBg6nWNmJKTcgsJeaLstP/UODVpGsr5OhXhhXg6f+qtJ8uiZ+PUxkDWcgIXLw=="
    },
    "next-intl-router": {
      "version": "file:..",
      "requires": {
        "@types/node": "^14.14.31",
        "@types/react": "^17.0.2",
        "@types/react-dom": "^17.0.1",
        "@typescript-eslint/eslint-plugin": "^4.15.2",
        "@typescript-eslint/parser": "^4.15.2",
        "dot-properties": "^1.0.1",
        "eslint": "^7.20.0",
        "eslint-config-prettier": "^8.1.0",
        "eslint-plugin-prettier": "^3.3.1",
        "eslint-plugin-react-hooks": "^4.2.0",
        "husky": "^5.1.1",
        "lint-staged": "^10.5.4",
        "next": "^10.0.8",
        "npm-watch": "^0.7.0",
        "prettier": "^2.2.1",
        "react": "^17.0.1",
        "react-dom": "^17.0.1",
        "typescript": "^4.2.2"
      }
    },
    "path-key": {
      "version": "3.1.1"
    },
    "resolve-accept-language": {
      "version": "1.0.11",
      "resolved": "https://registry.npmjs.org/resolve-accept-language/-/resolve-accept-language-1.0.11.tgz",
      "integrity": "sha512-1Cjr2m5MzYKx5EKMJYXbKn38Sv7K+ZSpSum2YvGiqu0Y7TyeCxkIXRcgDLnWApXmt7WMoSmWMTT3H0GJ0IeabQ=="
    },
    "safe-identifier": {
      "version": "0.4.2",
      "resolved": "https://registry.npmjs.org/safe-identifier/-/safe-identifier-0.4.2.tgz",
      "integrity": "sha512-6pNbSMW6OhAi9j+N8V+U715yBQsaWJ7eyEUaOrawX+isg5ZxhUlV1NipNtgaKHmFGiABwt+ZF04Ii+3Xjkg+8w==",
      "peer": true
    },
    "shebang-command": {
      "version": "2.0.0",
      "requires": {
        "shebang-regex": "^3.0.0"
      }
    },
    "shebang-regex": {
      "version": "3.0.0"
    },
    "uv": {
      "version": "1.3.1",
      "resolved": "https://registry.npmjs.org/uv/-/uv-1.3.1.tgz",
      "integrity": "sha512-y36A3ZlG3iafvJsrKuTL/hHOWAVDsAoxTDbWiCAALqp9+HIPf6gbK1NAc09maTSOUdE3Boi5H7We+7NW/2bLxg=="
    },
    "which": {
      "version": "2.0.2",
      "requires": {
        "isexe": "^2.0.0"
      }
    }
  }
}
