{
  "name": "next-multilingual-example",
  "lockfileVersion": 2,
  "requires": true,
  "packages": {
    "": {
      "name": "next-multilingual-example",
      "license": "MIT",
      "dependencies": {
        "@next/bundle-analyzer": "^14.1.0",
        "next-multilingual": "file:.."
      },
      "devDependencies": {
        "cross-env": "^7.0.3"
      }
    },
    "..": {
      "version": "5.0.37",
      "license": "MIT",
      "dependencies": {
        "@babel/core": "7.24.0",
        "colorette": "2.0.20",
        "intl-messageformat": "10.5.11",
        "messages-modules": "1.2.0",
        "properties-file": "3.4.0",
        "resolve-accept-language": "2.1.23",
        "watchpack": "2.4.0",
        "webpack": "5.90.3"
      },
      "devDependencies": {
        "@release-it/conventional-changelog": "8.0.1",
        "@types/babel__core": "7.20.5",
        "@types/cookie": "0.6.0",
        "@types/node": "20.11.24",
        "@types/react": "18.2.61",
        "@types/react-dom": "18.2.19",
        "@types/watchpack": "2.4.4",
        "@typescript-eslint/eslint-plugin": "^7.1.0",
        "@typescript-eslint/parser": "7.1.0",
        "cross-env": "7.0.3",
        "cypress": "13.6.6",
        "cypress-fail-on-console-error": "5.1.0",
        "cypress-wait-until": "3.0.1",
        "dotenv-cli": "7.3.0",
        "eslint": "8.57.0",
        "eslint-config-next": "v14.1.0",
        "eslint-config-prettier": "9.1.0",
        "eslint-import-resolver-node": "0.3.9",
        "eslint-import-resolver-typescript": "3.6.1",
        "eslint-plugin-cypress": "2.15.1",
        "eslint-plugin-import": "2.29.1",
        "eslint-plugin-json-files": "4.1.0",
        "eslint-plugin-jsx-a11y": "6.8.0",
        "eslint-plugin-prefer-arrow-functions": "3.3.2",
        "eslint-plugin-prettier": "5.1.3",
        "eslint-plugin-react": "7.33.2",
        "eslint-plugin-react-hooks": "4.6.0",
        "eslint-plugin-tsdoc": "0.2.17",
        "eslint-plugin-unicorn": "51.0.1",
        "next": "14.1.0",
        "prettier": "3.2.5",
        "prettier-plugin-organize-imports": "3.2.4",
        "prettier-plugin-properties": "0.3.0",
        "prettier-plugin-sh": "^0.14.0",
        "react": "18.2.0",
        "react-dom": "18.2.0",
        "release-it": "17.1.1",
        "start-server-and-test": "2.0.3",
        "typescript": "5.3.3"
      },
      "engines": {
        "node": ">=16.0.0"
      }
    },
    "node_modules/@discoveryjs/json-ext": {
      "version": "0.5.7",
      "resolved": "https://registry.npmjs.org/@discoveryjs/json-ext/-/json-ext-0.5.7.tgz",
      "integrity": "sha512-dBVuXR082gk3jsFp7Rd/JI4kytwGHecnCoTtXFb7DB6CNHp4rg5k1bhg0nWdLGLnOV71lmDzGQaLMy8iPLY0pw==",
      "engines": {
        "node": ">=10.0.0"
      }
    },
    "node_modules/@next/bundle-analyzer": {
      "version": "14.1.0",
      "resolved": "https://registry.npmjs.org/@next/bundle-analyzer/-/bundle-analyzer-14.1.0.tgz",
      "integrity": "sha512-RJWjnlMp/1WSW0ahAdawV22WgJiC6BVaFS5Xfhw6gP7NJEX3cAJjh4JqSHKGr8GnLNRaFCVTQdDPoX84E421BA==",
      "dependencies": {
        "webpack-bundle-analyzer": "4.10.1"
      }
    },
    "node_modules/@polka/url": {
      "version": "1.0.0-next.24",
      "resolved": "https://registry.npmjs.org/@polka/url/-/url-1.0.0-next.24.tgz",
      "integrity": "sha512-2LuNTFBIO0m7kKIQvvPHN6UE63VjpmL9rnEEaOOaiSPbZK+zUOYIzBAWcED+3XYzhYsd/0mD57VdxAEqqV52CQ=="
    },
    "node_modules/acorn": {
      "version": "8.11.3",
      "resolved": "https://registry.npmjs.org/acorn/-/acorn-8.11.3.tgz",
      "integrity": "sha512-Y9rRfJG5jcKOE0CLisYbojUjIrIEE7AGMzA/Sm4BslANhbS+cDMpgBdcPT91oJ7OuJ9hYJBx59RjbhxVnrF8Xg==",
      "bin": {
        "acorn": "bin/acorn"
      },
      "engines": {
        "node": ">=0.4.0"
      }
    },
    "node_modules/acorn-walk": {
      "version": "8.3.2",
      "resolved": "https://registry.npmjs.org/acorn-walk/-/acorn-walk-8.3.2.tgz",
      "integrity": "sha512-cjkyv4OtNCIeqhHrfS81QWXoCBPExR/J62oyEqepVw8WaQeSqpW2uhuLPh1m9eWhDuOo/jUXVTlifvesOWp/4A==",
      "engines": {
        "node": ">=0.4.0"
      }
    },
    "node_modules/commander": {
      "version": "7.2.0",
      "resolved": "https://registry.npmjs.org/commander/-/commander-7.2.0.tgz",
      "integrity": "sha512-QrWXB+ZQSVPmIWIhtEO9H+gwHaMGYiF5ChvoJ+K9ZGHG/sVsa6yiesAD1GC/x46sET00Xlwo1u49RVVVzvcSkw==",
      "engines": {
        "node": ">= 10"
      }
    },
    "node_modules/cross-env": {
      "version": "7.0.3",
      "resolved": "https://registry.npmjs.org/cross-env/-/cross-env-7.0.3.tgz",
      "integrity": "sha512-+/HKd6EgcQCJGh2PSjZuUitQBQynKor4wrFbRg4DtAgS1aWO+gU52xpH7M9ScGgXSYmAVS9bIJ8EzuaGw0oNAw==",
      "dev": true,
      "dependencies": {
        "cross-spawn": "^7.0.1"
      },
      "bin": {
        "cross-env": "src/bin/cross-env.js",
        "cross-env-shell": "src/bin/cross-env-shell.js"
      },
      "engines": {
        "node": ">=10.14",
        "npm": ">=6",
        "yarn": ">=1"
      }
    },
    "node_modules/cross-spawn": {
      "version": "7.0.3",
      "resolved": "https://registry.npmjs.org/cross-spawn/-/cross-spawn-7.0.3.tgz",
      "integrity": "sha512-iRDPJKUPVEND7dHPO8rkbOnPpyDygcDFtWjpeWNCgy8WP2rXcxXL8TskReQl6OrB2G7+UJrags1q15Fudc7G6w==",
      "dev": true,
      "dependencies": {
        "path-key": "^3.1.0",
        "shebang-command": "^2.0.0",
        "which": "^2.0.1"
      },
      "engines": {
        "node": ">= 8"
      }
    },
    "node_modules/debounce": {
      "version": "1.2.1",
      "resolved": "https://registry.npmjs.org/debounce/-/debounce-1.2.1.tgz",
      "integrity": "sha512-XRRe6Glud4rd/ZGQfiV1ruXSfbvfJedlV9Y6zOlP+2K04vBYiJEte6stfFkCP03aMnY5tsipamumUjL14fofug=="
    },
    "node_modules/duplexer": {
      "version": "0.1.2",
      "resolved": "https://registry.npmjs.org/duplexer/-/duplexer-0.1.2.tgz",
      "integrity": "sha512-jtD6YG370ZCIi/9GTaJKQxWTZD045+4R4hTk/x1UyoqadyJ9x9CgSi1RlVDQF8U2sxLLSnFkCaMihqljHIWgMg=="
    },
    "node_modules/escape-string-regexp": {
      "version": "4.0.0",
      "resolved": "https://registry.npmjs.org/escape-string-regexp/-/escape-string-regexp-4.0.0.tgz",
      "integrity": "sha512-TtpcNJ3XAzx3Gq8sWRzJaVajRs0uVxA2YAkdb1jm2YkPz4G6egUFAyA3n5vtEIZefPk5Wa4UXbKuS5fKkJWdgA==",
      "engines": {
        "node": ">=10"
      },
      "funding": {
        "url": "https://github.com/sponsors/sindresorhus"
      }
    },
    "node_modules/gzip-size": {
      "version": "6.0.0",
      "resolved": "https://registry.npmjs.org/gzip-size/-/gzip-size-6.0.0.tgz",
      "integrity": "sha512-ax7ZYomf6jqPTQ4+XCpUGyXKHk5WweS+e05MBO4/y3WJ5RkmPXNKvX+bx1behVILVwr6JSQvZAku021CHPXG3Q==",
      "dependencies": {
        "duplexer": "^0.1.2"
      },
      "engines": {
        "node": ">=10"
      },
      "funding": {
        "url": "https://github.com/sponsors/sindresorhus"
      }
    },
    "node_modules/html-escaper": {
      "version": "2.0.2",
      "resolved": "https://registry.npmjs.org/html-escaper/-/html-escaper-2.0.2.tgz",
      "integrity": "sha512-H2iMtd0I4Mt5eYiapRdIDjp+XzelXQ0tFE4JS7YFwFevXXMmOp9myNrUvCg0D6ws8iqkRPBfKHgbwig1SmlLfg=="
    },
    "node_modules/is-plain-object": {
      "version": "5.0.0",
      "resolved": "https://registry.npmjs.org/is-plain-object/-/is-plain-object-5.0.0.tgz",
      "integrity": "sha512-VRSzKkbMm5jMDoKLbltAkFQ5Qr7VDiTFGXxYFXXowVj387GeGNOCsOH6Msy00SGZ3Fp84b1Naa1psqgcCIEP5Q==",
      "engines": {
        "node": ">=0.10.0"
      }
    },
    "node_modules/isexe": {
      "version": "2.0.0",
      "resolved": "https://registry.npmjs.org/isexe/-/isexe-2.0.0.tgz",
      "integrity": "sha1-6PvzdNxVb/iUehDcsFctYz8s+hA=",
      "dev": true
    },
    "node_modules/mrmime": {
      "version": "2.0.0",
      "resolved": "https://registry.npmjs.org/mrmime/-/mrmime-2.0.0.tgz",
      "integrity": "sha512-eu38+hdgojoyq63s+yTpN4XMBdt5l8HhMhc4VKLO9KM5caLIBvUm4thi7fFaxyTmCKeNnXZ5pAlBwCUnhA09uw==",
      "engines": {
        "node": ">=10"
      }
    },
    "node_modules/next-multilingual": {
      "resolved": "..",
      "link": true
    },
    "node_modules/opener": {
      "version": "1.5.2",
      "resolved": "https://registry.npmjs.org/opener/-/opener-1.5.2.tgz",
      "integrity": "sha512-ur5UIdyw5Y7yEj9wLzhqXiy6GZ3Mwx0yGI+5sMn2r0N0v3cKJvUmFH5yPP+WXh9e0xfyzyJX95D8l088DNFj7A==",
      "bin": {
        "opener": "bin/opener-bin.js"
      }
    },
    "node_modules/path-key": {
      "version": "3.1.1",
      "resolved": "https://registry.npmjs.org/path-key/-/path-key-3.1.1.tgz",
      "integrity": "sha512-ojmeN0qd+y0jszEtoY48r0Peq5dwMEkIlCOu6Q5f41lfkswXuKtYrhgoTpLnyIcHm24Uhqx+5Tqm2InSwLhE6Q==",
      "dev": true,
      "engines": {
        "node": ">=8"
      }
    },
    "node_modules/picocolors": {
      "version": "1.0.0",
      "resolved": "https://registry.npmjs.org/picocolors/-/picocolors-1.0.0.tgz",
      "integrity": "sha512-1fygroTLlHu66zi26VoTDv8yRgm0Fccecssto+MhsZ0D/DGW2sm8E8AjW7NU5VVTRt5GxbeZ5qBuJr+HyLYkjQ=="
    },
    "node_modules/shebang-command": {
      "version": "2.0.0",
      "resolved": "https://registry.npmjs.org/shebang-command/-/shebang-command-2.0.0.tgz",
      "integrity": "sha512-kHxr2zZpYtdmrN1qDjrrX/Z1rR1kG8Dx+gkpK1G4eXmvXswmcE1hTWBWYUzlraYw1/yZp6YuDY77YtvbN0dmDA==",
      "dev": true,
      "dependencies": {
        "shebang-regex": "^3.0.0"
      },
      "engines": {
        "node": ">=8"
      }
    },
    "node_modules/shebang-regex": {
      "version": "3.0.0",
      "resolved": "https://registry.npmjs.org/shebang-regex/-/shebang-regex-3.0.0.tgz",
      "integrity": "sha512-7++dFhtcx3353uBaq8DDR4NuxBetBzC7ZQOhmTQInHEd6bSrXdiEyzCvG07Z44UYdLShWUyXt5M/yhz8ekcb1A==",
      "dev": true,
      "engines": {
        "node": ">=8"
      }
    },
    "node_modules/sirv": {
      "version": "2.0.4",
      "resolved": "https://registry.npmjs.org/sirv/-/sirv-2.0.4.tgz",
      "integrity": "sha512-94Bdh3cC2PKrbgSOUqTiGPWVZeSiXfKOVZNJniWoqrWrRkB1CJzBU3NEbiTsPcYy1lDsANA/THzS+9WBiy5nfQ==",
      "dependencies": {
        "@polka/url": "^1.0.0-next.24",
        "mrmime": "^2.0.0",
        "totalist": "^3.0.0"
      },
      "engines": {
        "node": ">= 10"
      }
    },
    "node_modules/totalist": {
      "version": "3.0.1",
      "resolved": "https://registry.npmjs.org/totalist/-/totalist-3.0.1.tgz",
      "integrity": "sha512-sf4i37nQ2LBx4m3wB74y+ubopq6W/dIzXg0FDGjsYnZHVa1Da8FH853wlL2gtUhg+xJXjfk3kUZS3BRoQeoQBQ==",
      "engines": {
        "node": ">=6"
      }
    },
    "node_modules/webpack-bundle-analyzer": {
      "version": "4.10.1",
      "resolved": "https://registry.npmjs.org/webpack-bundle-analyzer/-/webpack-bundle-analyzer-4.10.1.tgz",
      "integrity": "sha512-s3P7pgexgT/HTUSYgxJyn28A+99mmLq4HsJepMPzu0R8ImJc52QNqaFYW1Z2z2uIb1/J3eYgaAWVpaC+v/1aAQ==",
      "dependencies": {
        "@discoveryjs/json-ext": "0.5.7",
        "acorn": "^8.0.4",
        "acorn-walk": "^8.0.0",
        "commander": "^7.2.0",
        "debounce": "^1.2.1",
        "escape-string-regexp": "^4.0.0",
        "gzip-size": "^6.0.0",
        "html-escaper": "^2.0.2",
        "is-plain-object": "^5.0.0",
        "opener": "^1.5.2",
        "picocolors": "^1.0.0",
        "sirv": "^2.0.3",
        "ws": "^7.3.1"
      },
      "bin": {
        "webpack-bundle-analyzer": "lib/bin/analyzer.js"
      },
      "engines": {
        "node": ">= 10.13.0"
      }
    },
    "node_modules/which": {
      "version": "2.0.2",
      "resolved": "https://registry.npmjs.org/which/-/which-2.0.2.tgz",
      "integrity": "sha512-BLI3Tl1TW3Pvl70l3yq3Y64i+awpwXqsGBYWkkqMtnbXgrMD+yj7rhW0kuEDxzJaYXGjEW5ogapKNMEKNMjibA==",
      "dev": true,
      "dependencies": {
        "isexe": "^2.0.0"
      },
      "bin": {
        "node-which": "bin/node-which"
      },
      "engines": {
        "node": ">= 8"
      }
    },
    "node_modules/ws": {
      "version": "7.5.9",
      "resolved": "https://registry.npmjs.org/ws/-/ws-7.5.9.tgz",
      "integrity": "sha512-F+P9Jil7UiSKSkppIiD94dN07AwvFixvLIj1Og1Rl9GGMuNipJnV9JzjD6XuqmAeiswGvUmNLjr5cFuXwNS77Q==",
      "engines": {
        "node": ">=8.3.0"
      },
      "peerDependencies": {
        "bufferutil": "^4.0.1",
        "utf-8-validate": "^5.0.2"
      },
      "peerDependenciesMeta": {
        "bufferutil": {
          "optional": true
        },
        "utf-8-validate": {
          "optional": true
        }
      }
    }
  },
  "dependencies": {
    "@discoveryjs/json-ext": {
      "version": "0.5.7",
      "resolved": "https://registry.npmjs.org/@discoveryjs/json-ext/-/json-ext-0.5.7.tgz",
      "integrity": "sha512-dBVuXR082gk3jsFp7Rd/JI4kytwGHecnCoTtXFb7DB6CNHp4rg5k1bhg0nWdLGLnOV71lmDzGQaLMy8iPLY0pw=="
    },
    "@next/bundle-analyzer": {
      "version": "14.1.0",
      "resolved": "https://registry.npmjs.org/@next/bundle-analyzer/-/bundle-analyzer-14.1.0.tgz",
      "integrity": "sha512-RJWjnlMp/1WSW0ahAdawV22WgJiC6BVaFS5Xfhw6gP7NJEX3cAJjh4JqSHKGr8GnLNRaFCVTQdDPoX84E421BA==",
      "requires": {
        "webpack-bundle-analyzer": "4.10.1"
      }
    },
    "@polka/url": {
      "version": "1.0.0-next.24",
      "resolved": "https://registry.npmjs.org/@polka/url/-/url-1.0.0-next.24.tgz",
      "integrity": "sha512-2LuNTFBIO0m7kKIQvvPHN6UE63VjpmL9rnEEaOOaiSPbZK+zUOYIzBAWcED+3XYzhYsd/0mD57VdxAEqqV52CQ=="
    },
    "acorn": {
      "version": "8.11.3",
      "resolved": "https://registry.npmjs.org/acorn/-/acorn-8.11.3.tgz",
      "integrity": "sha512-Y9rRfJG5jcKOE0CLisYbojUjIrIEE7AGMzA/Sm4BslANhbS+cDMpgBdcPT91oJ7OuJ9hYJBx59RjbhxVnrF8Xg=="
    },
    "acorn-walk": {
      "version": "8.3.2",
      "resolved": "https://registry.npmjs.org/acorn-walk/-/acorn-walk-8.3.2.tgz",
      "integrity": "sha512-cjkyv4OtNCIeqhHrfS81QWXoCBPExR/J62oyEqepVw8WaQeSqpW2uhuLPh1m9eWhDuOo/jUXVTlifvesOWp/4A=="
    },
    "commander": {
      "version": "7.2.0",
      "resolved": "https://registry.npmjs.org/commander/-/commander-7.2.0.tgz",
      "integrity": "sha512-QrWXB+ZQSVPmIWIhtEO9H+gwHaMGYiF5ChvoJ+K9ZGHG/sVsa6yiesAD1GC/x46sET00Xlwo1u49RVVVzvcSkw=="
    },
    "cross-env": {
      "version": "7.0.3",
      "resolved": "https://registry.npmjs.org/cross-env/-/cross-env-7.0.3.tgz",
      "integrity": "sha512-+/HKd6EgcQCJGh2PSjZuUitQBQynKor4wrFbRg4DtAgS1aWO+gU52xpH7M9ScGgXSYmAVS9bIJ8EzuaGw0oNAw==",
      "dev": true,
      "requires": {
        "cross-spawn": "^7.0.1"
      }
    },
    "cross-spawn": {
      "version": "7.0.3",
      "resolved": "https://registry.npmjs.org/cross-spawn/-/cross-spawn-7.0.3.tgz",
      "integrity": "sha512-iRDPJKUPVEND7dHPO8rkbOnPpyDygcDFtWjpeWNCgy8WP2rXcxXL8TskReQl6OrB2G7+UJrags1q15Fudc7G6w==",
      "dev": true,
      "requires": {
        "path-key": "^3.1.0",
        "shebang-command": "^2.0.0",
        "which": "^2.0.1"
      }
    },
    "debounce": {
      "version": "1.2.1",
      "resolved": "https://registry.npmjs.org/debounce/-/debounce-1.2.1.tgz",
      "integrity": "sha512-XRRe6Glud4rd/ZGQfiV1ruXSfbvfJedlV9Y6zOlP+2K04vBYiJEte6stfFkCP03aMnY5tsipamumUjL14fofug=="
    },
    "duplexer": {
      "version": "0.1.2",
      "resolved": "https://registry.npmjs.org/duplexer/-/duplexer-0.1.2.tgz",
      "integrity": "sha512-jtD6YG370ZCIi/9GTaJKQxWTZD045+4R4hTk/x1UyoqadyJ9x9CgSi1RlVDQF8U2sxLLSnFkCaMihqljHIWgMg=="
    },
    "escape-string-regexp": {
      "version": "4.0.0",
      "resolved": "https://registry.npmjs.org/escape-string-regexp/-/escape-string-regexp-4.0.0.tgz",
      "integrity": "sha512-TtpcNJ3XAzx3Gq8sWRzJaVajRs0uVxA2YAkdb1jm2YkPz4G6egUFAyA3n5vtEIZefPk5Wa4UXbKuS5fKkJWdgA=="
    },
    "gzip-size": {
      "version": "6.0.0",
      "resolved": "https://registry.npmjs.org/gzip-size/-/gzip-size-6.0.0.tgz",
      "integrity": "sha512-ax7ZYomf6jqPTQ4+XCpUGyXKHk5WweS+e05MBO4/y3WJ5RkmPXNKvX+bx1behVILVwr6JSQvZAku021CHPXG3Q==",
      "requires": {
        "duplexer": "^0.1.2"
      }
    },
    "html-escaper": {
      "version": "2.0.2",
      "resolved": "https://registry.npmjs.org/html-escaper/-/html-escaper-2.0.2.tgz",
      "integrity": "sha512-H2iMtd0I4Mt5eYiapRdIDjp+XzelXQ0tFE4JS7YFwFevXXMmOp9myNrUvCg0D6ws8iqkRPBfKHgbwig1SmlLfg=="
    },
    "is-plain-object": {
      "version": "5.0.0",
      "resolved": "https://registry.npmjs.org/is-plain-object/-/is-plain-object-5.0.0.tgz",
      "integrity": "sha512-VRSzKkbMm5jMDoKLbltAkFQ5Qr7VDiTFGXxYFXXowVj387GeGNOCsOH6Msy00SGZ3Fp84b1Naa1psqgcCIEP5Q=="
    },
    "isexe": {
      "version": "2.0.0",
      "resolved": "https://registry.npmjs.org/isexe/-/isexe-2.0.0.tgz",
      "integrity": "sha1-6PvzdNxVb/iUehDcsFctYz8s+hA=",
      "dev": true
    },
    "mrmime": {
      "version": "2.0.0",
      "resolved": "https://registry.npmjs.org/mrmime/-/mrmime-2.0.0.tgz",
      "integrity": "sha512-eu38+hdgojoyq63s+yTpN4XMBdt5l8HhMhc4VKLO9KM5caLIBvUm4thi7fFaxyTmCKeNnXZ5pAlBwCUnhA09uw=="
    },
    "next-multilingual": {
      "version": "file:..",
      "requires": {
        "@babel/core": "7.24.0",
        "@release-it/conventional-changelog": "8.0.1",
        "@types/babel__core": "7.20.5",
        "@types/cookie": "0.6.0",
        "@types/node": "20.11.24",
        "@types/react": "18.2.61",
        "@types/react-dom": "18.2.19",
        "@types/watchpack": "2.4.4",
        "@typescript-eslint/eslint-plugin": "^7.1.0",
        "@typescript-eslint/parser": "7.1.0",
        "colorette": "2.0.20",
        "cross-env": "7.0.3",
        "cypress": "13.6.6",
        "cypress-fail-on-console-error": "5.1.0",
        "cypress-wait-until": "3.0.1",
        "dotenv-cli": "7.3.0",
        "eslint": "8.57.0",
        "eslint-config-next": "v14.1.0",
        "eslint-config-prettier": "9.1.0",
        "eslint-import-resolver-node": "0.3.9",
        "eslint-import-resolver-typescript": "3.6.1",
        "eslint-plugin-cypress": "2.15.1",
        "eslint-plugin-import": "2.29.1",
        "eslint-plugin-json-files": "4.1.0",
        "eslint-plugin-jsx-a11y": "6.8.0",
        "eslint-plugin-prefer-arrow-functions": "3.3.2",
        "eslint-plugin-prettier": "5.1.3",
        "eslint-plugin-react": "7.33.2",
        "eslint-plugin-react-hooks": "4.6.0",
        "eslint-plugin-tsdoc": "0.2.17",
        "eslint-plugin-unicorn": "51.0.1",
        "intl-messageformat": "10.5.11",
        "messages-modules": "1.2.0",
        "next": "14.1.0",
        "prettier": "3.2.5",
        "prettier-plugin-organize-imports": "3.2.4",
        "prettier-plugin-properties": "0.3.0",
        "prettier-plugin-sh": "^0.14.0",
        "properties-file": "3.4.0",
        "react": "18.2.0",
        "react-dom": "18.2.0",
        "release-it": "17.1.1",
        "resolve-accept-language": "2.1.23",
        "start-server-and-test": "2.0.3",
        "typescript": "5.3.3",
        "watchpack": "2.4.0",
        "webpack": "5.90.3"
      }
    },
    "opener": {
      "version": "1.5.2",
      "resolved": "https://registry.npmjs.org/opener/-/opener-1.5.2.tgz",
      "integrity": "sha512-ur5UIdyw5Y7yEj9wLzhqXiy6GZ3Mwx0yGI+5sMn2r0N0v3cKJvUmFH5yPP+WXh9e0xfyzyJX95D8l088DNFj7A=="
    },
    "path-key": {
      "version": "3.1.1",
      "resolved": "https://registry.npmjs.org/path-key/-/path-key-3.1.1.tgz",
      "integrity": "sha512-ojmeN0qd+y0jszEtoY48r0Peq5dwMEkIlCOu6Q5f41lfkswXuKtYrhgoTpLnyIcHm24Uhqx+5Tqm2InSwLhE6Q==",
      "dev": true
    },
    "picocolors": {
      "version": "1.0.0",
      "resolved": "https://registry.npmjs.org/picocolors/-/picocolors-1.0.0.tgz",
      "integrity": "sha512-1fygroTLlHu66zi26VoTDv8yRgm0Fccecssto+MhsZ0D/DGW2sm8E8AjW7NU5VVTRt5GxbeZ5qBuJr+HyLYkjQ=="
    },
    "shebang-command": {
      "version": "2.0.0",
      "resolved": "https://registry.npmjs.org/shebang-command/-/shebang-command-2.0.0.tgz",
      "integrity": "sha512-kHxr2zZpYtdmrN1qDjrrX/Z1rR1kG8Dx+gkpK1G4eXmvXswmcE1hTWBWYUzlraYw1/yZp6YuDY77YtvbN0dmDA==",
      "dev": true,
      "requires": {
        "shebang-regex": "^3.0.0"
      }
    },
    "shebang-regex": {
      "version": "3.0.0",
      "resolved": "https://registry.npmjs.org/shebang-regex/-/shebang-regex-3.0.0.tgz",
      "integrity": "sha512-7++dFhtcx3353uBaq8DDR4NuxBetBzC7ZQOhmTQInHEd6bSrXdiEyzCvG07Z44UYdLShWUyXt5M/yhz8ekcb1A==",
      "dev": true
    },
    "sirv": {
      "version": "2.0.4",
      "resolved": "https://registry.npmjs.org/sirv/-/sirv-2.0.4.tgz",
      "integrity": "sha512-94Bdh3cC2PKrbgSOUqTiGPWVZeSiXfKOVZNJniWoqrWrRkB1CJzBU3NEbiTsPcYy1lDsANA/THzS+9WBiy5nfQ==",
      "requires": {
        "@polka/url": "^1.0.0-next.24",
        "mrmime": "^2.0.0",
        "totalist": "^3.0.0"
      }
    },
    "totalist": {
      "version": "3.0.1",
      "resolved": "https://registry.npmjs.org/totalist/-/totalist-3.0.1.tgz",
      "integrity": "sha512-sf4i37nQ2LBx4m3wB74y+ubopq6W/dIzXg0FDGjsYnZHVa1Da8FH853wlL2gtUhg+xJXjfk3kUZS3BRoQeoQBQ=="
    },
    "webpack-bundle-analyzer": {
      "version": "4.10.1",
      "resolved": "https://registry.npmjs.org/webpack-bundle-analyzer/-/webpack-bundle-analyzer-4.10.1.tgz",
      "integrity": "sha512-s3P7pgexgT/HTUSYgxJyn28A+99mmLq4HsJepMPzu0R8ImJc52QNqaFYW1Z2z2uIb1/J3eYgaAWVpaC+v/1aAQ==",
      "requires": {
        "@discoveryjs/json-ext": "0.5.7",
        "acorn": "^8.0.4",
        "acorn-walk": "^8.0.0",
        "commander": "^7.2.0",
        "debounce": "^1.2.1",
        "escape-string-regexp": "^4.0.0",
        "gzip-size": "^6.0.0",
        "html-escaper": "^2.0.2",
        "is-plain-object": "^5.0.0",
        "opener": "^1.5.2",
        "picocolors": "^1.0.0",
        "sirv": "^2.0.3",
        "ws": "^7.3.1"
      }
    },
    "which": {
      "version": "2.0.2",
      "resolved": "https://registry.npmjs.org/which/-/which-2.0.2.tgz",
      "integrity": "sha512-BLI3Tl1TW3Pvl70l3yq3Y64i+awpwXqsGBYWkkqMtnbXgrMD+yj7rhW0kuEDxzJaYXGjEW5ogapKNMEKNMjibA==",
      "dev": true,
      "requires": {
        "isexe": "^2.0.0"
      }
    },
    "ws": {
      "version": "7.5.9",
      "resolved": "https://registry.npmjs.org/ws/-/ws-7.5.9.tgz",
      "integrity": "sha512-F+P9Jil7UiSKSkppIiD94dN07AwvFixvLIj1Og1Rl9GGMuNipJnV9JzjD6XuqmAeiswGvUmNLjr5cFuXwNS77Q==",
      "requires": {}
    }
  }
}
